// !$*UTF8*$!
{
	archiveVersion = 1;
	classes = {
	};
	objectVersion = 50;
	objects = {

/* Begin PBXBuildFile section */
		D92600092136B2F200DC3F7A /* libjsoncpp.1.8.4.dylib in Frameworks */ = {isa = PBXBuildFile; fileRef = D92600082136B2F200DC3F7A /* libjsoncpp.1.8.4.dylib */; };
		D926FFFF2136B27E00DC3F7A /* main.cpp in Sources */ = {isa = PBXBuildFile; fileRef = D926FFFE2136B27E00DC3F7A /* main.cpp */; };
/* End PBXBuildFile section */

/* Begin PBXCopyFilesBuildPhase section */
		D926FFF92136B27E00DC3F7A /* CopyFiles */ = {
			isa = PBXCopyFilesBuildPhase;
			buildActionMask = 2147483647;
			dstPath = /usr/share/man/man1/;
			dstSubfolderSpec = 0;
			files = (
			);
			runOnlyForDeploymentPostprocessing = 1;
		};
/* End PBXCopyFilesBuildPhase section */

/* Begin PBXFileReference section */
		D92600052136B2A300DC3F7A /* json */ = {isa = PBXFileReference; lastKnownFileType = folder; path = json; sourceTree = "<group>"; };
		D92600062136B2A300DC3F7A /* lib_json */ = {isa = PBXFileReference; lastKnownFileType = folder; path = lib_json; sourceTree = "<group>"; };
		D92600082136B2F200DC3F7A /* libjsoncpp.1.8.4.dylib */ = {isa = PBXFileReference; lastKnownFileType = "compiled.mach-o.dylib"; name = libjsoncpp.1.8.4.dylib; path = ../../../../../../usr/local/Cellar/jsoncpp/1.8.4/lib/libjsoncpp.1.8.4.dylib; sourceTree = "<group>"; };
		D926FFFB2136B27E00DC3F7A /* project_one_8_29 */ = {isa = PBXFileReference; explicitFileType = "compiled.mach-o.executable"; includeInIndex = 0; path = project_one_8_29; sourceTree = BUILT_PRODUCTS_DIR; };
		D926FFFE2136B27E00DC3F7A /* main.cpp */ = {isa = PBXFileReference; lastKnownFileType = sourcecode.cpp.cpp; path = main.cpp; sourceTree = "<group>"; };
/* End PBXFileReference section */

/* Begin PBXFrameworksBuildPhase section */
		D926FFF82136B27E00DC3F7A /* Frameworks */ = {
			isa = PBXFrameworksBuildPhase;
			buildActionMask = 2147483647;
			files = (
				D92600092136B2F200DC3F7A /* libjsoncpp.1.8.4.dylib in Frameworks */,
			);
			runOnlyForDeploymentPostprocessing = 0;
		};
/* End PBXFrameworksBuildPhase section */

/* Begin PBXGroup section */
		D92600072136B2F100DC3F7A /* Frameworks */ = {
			isa = PBXGroup;
			children = (
				D92600082136B2F200DC3F7A /* libjsoncpp.1.8.4.dylib */,
			);
			name = Frameworks;
			sourceTree = "<group>";
		};
		D926FFF22136B27E00DC3F7A = {
			isa = PBXGroup;
			children = (
				D926FFFD2136B27E00DC3F7A /* project_one_8_29 */,
				D926FFFC2136B27E00DC3F7A /* Products */,
				D92600072136B2F100DC3F7A /* Frameworks */,
			);
			sourceTree = "<group>";
		};
		D926FFFC2136B27E00DC3F7A /* Products */ = {
			isa = PBXGroup;
			children = (
				D926FFFB2136B27E00DC3F7A /* project_one_8_29 */,
			);
			name = Products;
			sourceTree = "<group>";
		};
		D926FFFD2136B27E00DC3F7A /* project_one_8_29 */ = {
			isa = PBXGroup;
			children = (
				D92600052136B2A300DC3F7A /* json */,
				D92600062136B2A300DC3F7A /* lib_json */,
				D926FFFE2136B27E00DC3F7A /* main.cpp */,
			);
			path = project_one_8_29;
			sourceTree = "<group>";
		};
/* End PBXGroup section */

/* Begin PBXNativeTarget section */
		D926FFFA2136B27E00DC3F7A /* project_one_8_29 */ = {
			isa = PBXNativeTarget;
			buildConfigurationList = D92600022136B27E00DC3F7A /* Build configuration list for PBXNativeTarget "project_one_8_29" */;
			buildPhases = (
				D926FFF72136B27E00DC3F7A /* Sources */,
				D926FFF82136B27E00DC3F7A /* Frameworks */,
				D926FFF92136B27E00DC3F7A /* CopyFiles */,
			);
			buildRules = (
			);
			dependencies = (
			);
			name = project_one_8_29;
			productName = project_one_8_29;
			productReference = D926FFFB2136B27E00DC3F7A /* project_one_8_29 */;
			productType = "com.apple.product-type.tool";
		};
/* End PBXNativeTarget section */

/* Begin PBXProject section */
		D926FFF32136B27E00DC3F7A /* Project object */ = {
			isa = PBXProject;
			attributes = {
				LastUpgradeCheck = 0940;
				ORGANIZATIONNAME = Allensim;
				TargetAttributes = {
					D926FFFA2136B27E00DC3F7A = {
						CreatedOnToolsVersion = 9.4.1;
					};
				};
			};
			buildConfigurationList = D926FFF62136B27E00DC3F7A /* Build configuration list for PBXProject "project_one_8_29" */;
			compatibilityVersion = "Xcode 9.3";
			developmentRegion = en;
			hasScannedForEncodings = 0;
			knownRegions = (
				en,
			);
			mainGroup = D926FFF22136B27E00DC3F7A;
			productRefGroup = D926FFFC2136B27E00DC3F7A /* Products */;
			projectDirPath = "";
			projectRoot = "";
			targets = (
				D926FFFA2136B27E00DC3F7A /* project_one_8_29 */,
			);
		};
/* End PBXProject section */

/* Begin PBXSourcesBuildPhase section */
		D926FFF72136B27E00DC3F7A /* Sources */ = {
			isa = PBXSourcesBuildPhase;
			buildActionMask = 2147483647;
			files = (
				D926FFFF2136B27E00DC3F7A /* main.cpp in Sources */,
			);
			runOnlyForDeploymentPostprocessing = 0;
		};
/* End PBXSourcesBuildPhase section */

/* Begin XCBuildConfiguration section */
		D92600002136B27E00DC3F7A /* Debug */ = {
			isa = XCBuildConfiguration;
			buildSettings = {
				ALWAYS_SEARCH_USER_PATHS = NO;
				CLANG_ANALYZER_NONNULL = YES;
				CLANG_ANALYZER_NUMBER_OBJECT_CONVERSION = YES_AGGRESSIVE;
				CLANG_CXX_LANGUAGE_STANDARD = "gnu++14";
				CLANG_CXX_LIBRARY = "libc++";
				CLANG_ENABLE_MODULES = YES;
				CLANG_ENABLE_OBJC_ARC = YES;
				CLANG_ENABLE_OBJC_WEAK = YES;
				CLANG_WARN_BLOCK_CAPTURE_AUTORELEASING = YES;
				CLANG_WARN_BOOL_CONVERSION = YES;
				CLANG_WARN_COMMA = YES;
				CLANG_WARN_CONSTANT_CONVERSION = YES;
				CLANG_WARN_DEPRECATED_OBJC_IMPLEMENTATIONS = YES;
				CLANG_WARN_DIRECT_OBJC_ISA_USAGE = YES_ERROR;
				CLANG_WARN_DOCUMENTATION_COMMENTS = YES;
				CLANG_WARN_EMPTY_BODY = YES;
				CLANG_WARN_ENUM_CONVERSION = YES;
				CLANG_WARN_INFINITE_RECURSION = YES;
				CLANG_WARN_INT_CONVERSION = YES;
				CLANG_WARN_NON_LITERAL_NULL_CONVERSION = YES;
				CLANG_WARN_OBJC_IMPLICIT_RETAIN_SELF = YES;
				CLANG_WARN_OBJC_LITERAL_CONVERSION = YES;
				CLANG_WARN_OBJC_ROOT_CLASS = YES_ERROR;
				CLANG_WARN_RANGE_LOOP_ANALYSIS = YES;
				CLANG_WARN_STRICT_PROTOTYPES = YES;
				CLANG_WARN_SUSPICIOUS_MOVE = YES;
				CLANG_WARN_UNGUARDED_AVAILABILITY = YES_AGGRESSIVE;
				CLANG_WARN_UNREACHABLE_CODE = YES;
				CLANG_WARN__DUPLICATE_METHOD_MATCH = YES;
				CODE_SIGN_IDENTITY = "Mac Developer";
				COPY_PHASE_STRIP = NO;
				DEBUG_INFORMATION_FORMAT = dwarf;
				ENABLE_STRICT_OBJC_MSGSEND = YES;
				ENABLE_TESTABILITY = YES;
				GCC_C_LANGUAGE_STANDARD = gnu11;
				GCC_DYNAMIC_NO_PIC = NO;
				GCC_NO_COMMON_BLOCKS = YES;
				GCC_OPTIMIZATION_LEVEL = 0;
				GCC_PREPROCESSOR_DEFINITIONS = (
					"DEBUG=1",
					"$(inherited)",
				);
				GCC_WARN_64_TO_32_BIT_CONVERSION = YES;
				GCC_WARN_ABOUT_RETURN_TYPE = YES_ERROR;
				GCC_WARN_UNDECLARED_SELECTOR = YES;
				GCC_WARN_UNINITIALIZED_AUTOS = YES_AGGRESSIVE;
				GCC_WARN_UNUSED_FUNCTION = YES;
				GCC_WARN_UNUSED_VARIABLE = YES;
				MACOSX_DEPLOYMENT_TARGET = 10.13;
				MTL_ENABLE_DEBUG_INFO = YES;
				ONLY_ACTIVE_ARCH = YES;
				SDKROOT = macosx;
			};
			name = Debug;
		};
		D92600012136B27E00DC3F7A /* Release */ = {
			isa = XCBuildConfiguration;
			buildSettings = {
				ALWAYS_SEARCH_USER_PATHS = NO;
				CLANG_ANALYZER_NONNULL = YES;
				CLANG_ANALYZER_NUMBER_OBJECT_CONVERSION = YES_AGGRESSIVE;
				CLANG_CXX_LANGUAGE_STANDARD = "gnu++14";
				CLANG_CXX_LIBRARY = "libc++";
				CLANG_ENABLE_MODULES = YES;
				CLANG_ENABLE_OBJC_ARC = YES;
				CLANG_ENABLE_OBJC_WEAK = YES;
				CLANG_WARN_BLOCK_CAPTURE_AUTORELEASING = YES;
				CLANG_WARN_BOOL_CONVERSION = YES;
				CLANG_WARN_COMMA = YES;
				CLANG_WARN_CONSTANT_CONVERSION = YES;
				CLANG_WARN_DEPRECATED_OBJC_IMPLEMENTATIONS = YES;
				CLANG_WARN_DIRECT_OBJC_ISA_USAGE = YES_ERROR;
				CLANG_WARN_DOCUMENTATION_COMMENTS = YES;
				CLANG_WARN_EMPTY_BODY = YES;
				CLANG_WARN_ENUM_CONVERSION = YES;
				CLANG_WARN_INFINITE_RECURSION = YES;
				CLANG_WARN_INT_CONVERSION = YES;
				CLANG_WARN_NON_LITERAL_NULL_CONVERSION = YES;
				CLANG_WARN_OBJC_IMPLICIT_RETAIN_SELF = YES;
				CLANG_WARN_OBJC_LITERAL_CONVERSION = YES;
				CLANG_WARN_OBJC_ROOT_CLASS = YES_ERROR;
				CLANG_WARN_RANGE_LOOP_ANALYSIS = YES;
				CLANG_WARN_STRICT_PROTOTYPES = YES;
				CLANG_WARN_SUSPICIOUS_MOVE = YES;
				CLANG_WARN_UNGUARDED_AVAILABILITY = YES_AGGRESSIVE;
				CLANG_WARN_UNREACHABLE_CODE = YES;
				CLANG_WARN__DUPLICATE_METHOD_MATCH = YES;
				CODE_SIGN_IDENTITY = "Mac Developer";
				COPY_PHASE_STRIP = NO;
				DEBUG_INFORMATION_FORMAT = "dwarf-with-dsym";
				ENABLE_NS_ASSERTIONS = NO;
				ENABLE_STRICT_OBJC_MSGSEND = YES;
				GCC_C_LANGUAGE_STANDARD = gnu11;
				GCC_NO_COMMON_BLOCKS = YES;
				GCC_WARN_64_TO_32_BIT_CONVERSION = YES;
				GCC_WARN_ABOUT_RETURN_TYPE = YES_ERROR;
				GCC_WARN_UNDECLARED_SELECTOR = YES;
				GCC_WARN_UNINITIALIZED_AUTOS = YES_AGGRESSIVE;
				GCC_WARN_UNUSED_FUNCTION = YES;
				GCC_WARN_UNUSED_VARIABLE = YES;
				MACOSX_DEPLOYMENT_TARGET = 10.13;
				MTL_ENABLE_DEBUG_INFO = NO;
				SDKROOT = macosx;
			};
			name = Release;
		};
		D92600032136B27E00DC3F7A /* Debug */ = {
			isa = XCBuildConfiguration;
			buildSettings = {
				CODE_SIGN_STYLE = Automatic;
				DEVELOPMENT_TEAM = 468B2QZDR6;
				LIBRARY_SEARCH_PATHS = (
					"$(inherited)",
					/usr/local/Cellar/jsoncpp/1.8.4/lib,
				);
				PRODUCT_NAME = "$(TARGET_NAME)";
			};
			name = Debug;
		};
		D92600042136B27E00DC3F7A /* Release */ = {
			isa = XCBuildConfiguration;
			buildSettings = {
				CODE_SIGN_STYLE = Automatic;
				DEVELOPMENT_TEAM = 468B2QZDR6;
				LIBRARY_SEARCH_PATHS = (
					"$(inherited)",
					/usr/local/Cellar/jsoncpp/1.8.4/lib,
				);
				PRODUCT_NAME = "$(TARGET_NAME)";
			};
			name = Release;
		};
/* End XCBuildConfiguration section */

/* Begin XCConfigurationList section */
		D92600022136B27E00DC3F7A /* Build configuration list for PBXNativeTarget "project_one_8_29" */ = {
			isa = XCConfigurationList;
			buildConfigurations = (
				D92600032136B27E00DC3F7A /* Debug */,
				D92600042136B27E00DC3F7A /* Release */,
			);
			defaultConfigurationIsVisible = 0;
			defaultConfigurationName = Release;
		};
		D926FFF62136B27E00DC3F7A /* Build configuration list for PBXProject "project_one_8_29" */ = {
			isa = XCConfigurationList;
			buildConfigurations = (
				D92600002136B27E00DC3F7A /* Debug */,
				D92600012136B27E00DC3F7A /* Release */,
			);
			defaultConfigurationIsVisible = 0;
			defaultConfigurationName = Release;
		};
/* End XCConfigurationList section */
	};
	rootObject = D926FFF32136B27E00DC3F7A /* Project object */;
}
